
Microsoft Visual Studio Solution File, Format Version 12.00
# Visual Studio Version 17
VisualStudioVersion = 17.4.33122.133
MinimumVisualStudioVersion = 10.0.40219.1
Project("{9A19103F-16F7-4668-BE54-9A1E7A4F7556}") = "Ryanair", "Ryanair.csproj", "{C0652B67-BD92-4CA4-BDF9-0107DE423C85}"
EndProject
Project("{9A19103F-16F7-4668-BE54-9A1E7A4F7556}") = "LoggerXML", "..\LoggerXMl\LoggerXML.csproj", "{691B31B3-ED21-4DF0-B8FE-8BA1B6CAF1A4}"
EndProject
Project("{9A19103F-16F7-4668-BE54-9A1E7A4F7556}") = "LoggerTXT", "..\LoggerTXT\LoggerTXT.csproj", "{2885A64A-8A64-4E4D-8A6E-C2F7E4936FF0}"
EndProject
Project("{FAE04EC0-301F-11D3-BF4B-00C04F79EFBC}") = "ILogger", "..\ILogger\ILogger.csproj", "{3D6F8D12-AD14-4093-802B-30DC5B6642F1}"
EndProject
Project("{FAE04EC0-301F-11D3-BF4B-00C04F79EFBC}") = "LoggerDb", "..\LoggerDb\LoggerDb.csproj", "{8E158BB8-F1CC-4CF0-9DDB-F0FE8548FFD0}"
EndProject
Global
	GlobalSection(SolutionConfigurationPlatforms) = preSolution
		Debug|Any CPU = Debug|Any CPU
		Release|Any CPU = Release|Any CPU
	EndGlobalSection
	GlobalSection(ProjectConfigurationPlatforms) = postSolution
		{C0652B67-BD92-4CA4-BDF9-0107DE423C85}.Debug|Any CPU.ActiveCfg = Debug|Any CPU
		{C0652B67-BD92-4CA4-BDF9-0107DE423C85}.Debug|Any CPU.Build.0 = Debug|Any CPU
		{C0652B67-BD92-4CA4-BDF9-0107DE423C85}.Release|Any CPU.ActiveCfg = Release|Any CPU
		{C0652B67-BD92-4CA4-BDF9-0107DE423C85}.Release|Any CPU.Build.0 = Release|Any CPU
		{691B31B3-ED21-4DF0-B8FE-8BA1B6CAF1A4}.Debug|Any CPU.ActiveCfg = Debug|Any CPU
		{691B31B3-ED21-4DF0-B8FE-8BA1B6CAF1A4}.Debug|Any CPU.Build.0 = Debug|Any CPU
		{691B31B3-ED21-4DF0-B8FE-8BA1B6CAF1A4}.Release|Any CPU.ActiveCfg = Release|Any CPU
		{691B31B3-ED21-4DF0-B8FE-8BA1B6CAF1A4}.Release|Any CPU.Build.0 = Release|Any CPU
		{2885A64A-8A64-4E4D-8A6E-C2F7E4936FF0}.Debug|Any CPU.ActiveCfg = Debug|Any CPU
		{2885A64A-8A64-4E4D-8A6E-C2F7E4936FF0}.Debug|Any CPU.Build.0 = Debug|Any CPU
		{2885A64A-8A64-4E4D-8A6E-C2F7E4936FF0}.Release|Any CPU.ActiveCfg = Release|Any CPU
		{2885A64A-8A64-4E4D-8A6E-C2F7E4936FF0}.Release|Any CPU.Build.0 = Release|Any CPU
		{3D6F8D12-AD14-4093-802B-30DC5B6642F1}.Debug|Any CPU.ActiveCfg = Debug|Any CPU
		{3D6F8D12-AD14-4093-802B-30DC5B6642F1}.Debug|Any CPU.Build.0 = Debug|Any CPU
		{3D6F8D12-AD14-4093-802B-30DC5B6642F1}.Release|Any CPU.ActiveCfg = Release|Any CPU
		{3D6F8D12-AD14-4093-802B-30DC5B6642F1}.Release|Any CPU.Build.0 = Release|Any CPU
		{8E158BB8-F1CC-4CF0-9DDB-F0FE8548FFD0}.Debug|Any CPU.ActiveCfg = Debug|Any CPU
		{8E158BB8-F1CC-4CF0-9DDB-F0FE8548FFD0}.Debug|Any CPU.Build.0 = Debug|Any CPU
		{8E158BB8-F1CC-4CF0-9DDB-F0FE8548FFD0}.Release|Any CPU.ActiveCfg = Release|Any CPU
		{8E158BB8-F1CC-4CF0-9DDB-F0FE8548FFD0}.Release|Any CPU.Build.0 = Release|Any CPU
	EndGlobalSection
	GlobalSection(SolutionProperties) = preSolution
		HideSolutionNode = FALSE
	EndGlobalSection
	GlobalSection(ExtensibilityGlobals) = postSolution
		SolutionGuid = {522ADF0F-F631-47F8-B589-CA76850BC0B2}
	EndGlobalSection
EndGlobal
